// !$*UTF8*$!
{
	archiveVersion = 1;
	classes = {
	};
	objectVersion = 50;
	objects = {

/* Begin PBXBuildFile section */
		044AD3DF240873830066E61F /* main.swift in Sources */ = {isa = PBXBuildFile; fileRef = 044AD3DE240873830066E61F /* main.swift */; };
		044AD3E7240873C70066E61F /* floodFill.swift in Sources */ = {isa = PBXBuildFile; fileRef = 044AD3E6240873C70066E61F /* floodFill.swift */; };
		044AD3E924087D1F0066E61F /* Queue.swift in Sources */ = {isa = PBXBuildFile; fileRef = 044AD3E824087D1F0066E61F /* Queue.swift */; };
		044AD3EC24088C190066E61F /* graphAssignment2.swift in Sources */ = {isa = PBXBuildFile; fileRef = 044AD3EB24088C190066E61F /* graphAssignment2.swift */; };
		044AD3EE240941C10066E61F /* Stack.swift in Sources */ = {isa = PBXBuildFile; fileRef = 044AD3ED240941C10066E61F /* Stack.swift */; };
		044AD3F0240BC1FC0066E61F /* graphAssignment.swift in Sources */ = {isa = PBXBuildFile; fileRef = 044AD3EF240BC1FC0066E61F /* graphAssignment.swift */; };
		044AD3F2240BC9030066E61F /* UF.swift in Sources */ = {isa = PBXBuildFile; fileRef = 044AD3F1240BC9030066E61F /* UF.swift */; };
/* End PBXBuildFile section */

/* Begin PBXCopyFilesBuildPhase section */
		044AD3D9240873830066E61F /* CopyFiles */ = {
			isa = PBXCopyFilesBuildPhase;
			buildActionMask = 2147483647;
			dstPath = /usr/share/man/man1/;
			dstSubfolderSpec = 0;
			files = (
			);
			runOnlyForDeploymentPostprocessing = 1;
		};
/* End PBXCopyFilesBuildPhase section */

/* Begin PBXFileReference section */
		044AD3DB240873830066E61F /* SwiftXcode */ = {isa = PBXFileReference; explicitFileType = "compiled.mach-o.executable"; includeInIndex = 0; path = SwiftXcode; sourceTree = BUILT_PRODUCTS_DIR; };
		044AD3DE240873830066E61F /* main.swift */ = {isa = PBXFileReference; lastKnownFileType = sourcecode.swift; path = main.swift; sourceTree = "<group>"; };
		044AD3E6240873C70066E61F /* floodFill.swift */ = {isa = PBXFileReference; lastKnownFileType = sourcecode.swift; path = floodFill.swift; sourceTree = "<group>"; };
		044AD3E824087D1F0066E61F /* Queue.swift */ = {isa = PBXFileReference; fileEncoding = 4; lastKnownFileType = sourcecode.swift; path = Queue.swift; sourceTree = "<group>"; };
		044AD3EB24088C190066E61F /* graphAssignment2.swift */ = {isa = PBXFileReference; lastKnownFileType = sourcecode.swift; path = graphAssignment2.swift; sourceTree = "<group>"; };
		044AD3ED240941C10066E61F /* Stack.swift */ = {isa = PBXFileReference; fileEncoding = 4; lastKnownFileType = sourcecode.swift; path = Stack.swift; sourceTree = "<group>"; };
		044AD3EF240BC1FC0066E61F /* graphAssignment.swift */ = {isa = PBXFileReference; lastKnownFileType = sourcecode.swift; path = graphAssignment.swift; sourceTree = "<group>"; };
		044AD3F1240BC9030066E61F /* UF.swift */ = {isa = PBXFileReference; fileEncoding = 4; lastKnownFileType = sourcecode.swift; path = UF.swift; sourceTree = "<group>"; };
/* End PBXFileReference section */

/* Begin PBXFrameworksBuildPhase section */
		044AD3D8240873830066E61F /* Frameworks */ = {
			isa = PBXFrameworksBuildPhase;
			buildActionMask = 2147483647;
			files = (
			);
			runOnlyForDeploymentPostprocessing = 0;
		};
/* End PBXFrameworksBuildPhase section */

/* Begin PBXGroup section */
		044AD3D2240873830066E61F = {
			isa = PBXGroup;
			children = (
				044AD3DD240873830066E61F /* SwiftXcode */,
				044AD3DC240873830066E61F /* Products */,
			);
			sourceTree = "<group>";
		};
		044AD3DC240873830066E61F /* Products */ = {
			isa = PBXGroup;
			children = (
				044AD3DB240873830066E61F /* SwiftXcode */,
			);
			name = Products;
			sourceTree = "<group>";
		};
		044AD3DD240873830066E61F /* SwiftXcode */ = {
			isa = PBXGroup;
			children = (
				044AD3F1240BC9030066E61F /* UF.swift */,
				044AD3ED240941C10066E61F /* Stack.swift */,
				044AD3EA24088AFC0066E61F /* Assignments */,
				044AD3E824087D1F0066E61F /* Queue.swift */,
				044AD3E5240873920066E61F /* FloodFill */,
				044AD3DE240873830066E61F /* main.swift */,
			);
			path = SwiftXcode;
			sourceTree = "<group>";
		};
		044AD3E5240873920066E61F /* FloodFill */ = {
			isa = PBXGroup;
			children = (
				044AD3E6240873C70066E61F /* floodFill.swift */,
			);
			path = FloodFill;
			sourceTree = "<group>";
		};
		044AD3EA24088AFC0066E61F /* Assignments */ = {
			isa = PBXGroup;
			children = (
				044AD3EB24088C190066E61F /* graphAssignment2.swift */,
				044AD3EF240BC1FC0066E61F /* graphAssignment.swift */,
			);
			path = Assignments;
			sourceTree = "<group>";
		};
/* End PBXGroup section */

/* Begin PBXNativeTarget section */
		044AD3DA240873830066E61F /* SwiftXcode */ = {
			isa = PBXNativeTarget;
			buildConfigurationList = 044AD3E2240873830066E61F /* Build configuration list for PBXNativeTarget "SwiftXcode" */;
			buildPhases = (
				044AD3D7240873830066E61F /* Sources */,
				044AD3D8240873830066E61F /* Frameworks */,
				044AD3D9240873830066E61F /* CopyFiles */,
			);
			buildRules = (
			);
			dependencies = (
			);
			name = SwiftXcode;
			productName = SwiftXcode;
			productReference = 044AD3DB240873830066E61F /* SwiftXcode */;
			productType = "com.apple.product-type.tool";
		};
/* End PBXNativeTarget section */

/* Begin PBXProject section */
		044AD3D3240873830066E61F /* Project object */ = {
			isa = PBXProject;
			attributes = {
				LastSwiftUpdateCheck = 1130;
				LastUpgradeCheck = 1130;
				ORGANIZATIONNAME = Rick;
				TargetAttributes = {
					044AD3DA240873830066E61F = {
						CreatedOnToolsVersion = 11.3.1;
					};
				};
			};
			buildConfigurationList = 044AD3D6240873830066E61F /* Build configuration list for PBXProject "SwiftXcode" */;
			compatibilityVersion = "Xcode 9.3";
			developmentRegion = en;
			hasScannedForEncodings = 0;
			knownRegions = (
				en,
				Base,
			);
			mainGroup = 044AD3D2240873830066E61F;
			productRefGroup = 044AD3DC240873830066E61F /* Products */;
			projectDirPath = "";
			projectRoot = "";
			targets = (
				044AD3DA240873830066E61F /* SwiftXcode */,
			);
		};
/* End PBXProject section */

/* Begin PBXSourcesBuildPhase section */
		044AD3D7240873830066E61F /* Sources */ = {
			isa = PBXSourcesBuildPhase;
			buildActionMask = 2147483647;
			files = (
				044AD3DF240873830066E61F /* main.swift in Sources */,
				044AD3F0240BC1FC0066E61F /* graphAssignment.swift in Sources */,
				044AD3F2240BC9030066E61F /* UF.swift in Sources */,
				044AD3EE240941C10066E61F /* Stack.swift in Sources */,
				044AD3E924087D1F0066E61F /* Queue.swift in Sources */,
				044AD3EC24088C190066E61F /* graphAssignment2.swift in Sources */,
				044AD3E7240873C70066E61F /* floodFill.swift in Sources */,
			);
			runOnlyForDeploymentPostprocessing = 0;
		};
/* End PBXSourcesBuildPhase section */

/* Begin XCBuildConfiguration section */
		044AD3E0240873830066E61F /* Debug */ = {
			isa = XCBuildConfiguration;
			buildSettings = {
				ALWAYS_SEARCH_USER_PATHS = NO;
				CLANG_ANALYZER_NONNULL = YES;
				CLANG_ANALYZER_NUMBER_OBJECT_CONVERSION = YES_AGGRESSIVE;
				CLANG_CXX_LANGUAGE_STANDARD = "gnu++14";
				CLANG_CXX_LIBRARY = "libc++";
				CLANG_ENABLE_MODULES = YES;
				CLANG_ENABLE_OBJC_ARC = YES;
				CLANG_ENABLE_OBJC_WEAK = YES;
				CLANG_WARN_BLOCK_CAPTURE_AUTORELEASING = YES;
				CLANG_WARN_BOOL_CONVERSION = YES;
				CLANG_WARN_COMMA = YES;
				CLANG_WARN_CONSTANT_CONVERSION = YES;
				CLANG_WARN_DEPRECATED_OBJC_IMPLEMENTATIONS = YES;
				CLANG_WARN_DIRECT_OBJC_ISA_USAGE = YES_ERROR;
				CLANG_WARN_DOCUMENTATION_COMMENTS = YES;
				CLANG_WARN_EMPTY_BODY = YES;
				CLANG_WARN_ENUM_CONVERSION = YES;
				CLANG_WARN_INFINITE_RECURSION = YES;
				CLANG_WARN_INT_CONVERSION = YES;
				CLANG_WARN_NON_LITERAL_NULL_CONVERSION = YES;
				CLANG_WARN_OBJC_IMPLICIT_RETAIN_SELF = YES;
				CLANG_WARN_OBJC_LITERAL_CONVERSION = YES;
				CLANG_WARN_OBJC_ROOT_CLASS = YES_ERROR;
				CLANG_WARN_RANGE_LOOP_ANALYSIS = YES;
				CLANG_WARN_STRICT_PROTOTYPES = YES;
				CLANG_WARN_SUSPICIOUS_MOVE = YES;
				CLANG_WARN_UNGUARDED_AVAILABILITY = YES_AGGRESSIVE;
				CLANG_WARN_UNREACHABLE_CODE = YES;
				CLANG_WARN__DUPLICATE_METHOD_MATCH = YES;
				COPY_PHASE_STRIP = NO;
				DEBUG_INFORMATION_FORMAT = dwarf;
				ENABLE_STRICT_OBJC_MSGSEND = YES;
				ENABLE_TESTABILITY = YES;
				GCC_C_LANGUAGE_STANDARD = gnu11;
				GCC_DYNAMIC_NO_PIC = NO;
				GCC_NO_COMMON_BLOCKS = YES;
				GCC_OPTIMIZATION_LEVEL = 0;
				GCC_PREPROCESSOR_DEFINITIONS = (
					"DEBUG=1",
					"$(inherited)",
				);
				GCC_WARN_64_TO_32_BIT_CONVERSION = YES;
				GCC_WARN_ABOUT_RETURN_TYPE = YES_ERROR;
				GCC_WARN_UNDECLARED_SELECTOR = YES;
				GCC_WARN_UNINITIALIZED_AUTOS = YES_AGGRESSIVE;
				GCC_WARN_UNUSED_FUNCTION = YES;
				GCC_WARN_UNUSED_VARIABLE = YES;
				MACOSX_DEPLOYMENT_TARGET = 10.15;
				MTL_ENABLE_DEBUG_INFO = INCLUDE_SOURCE;
				MTL_FAST_MATH = YES;
				ONLY_ACTIVE_ARCH = YES;
				SDKROOT = macosx;
				SWIFT_ACTIVE_COMPILATION_CONDITIONS = DEBUG;
				SWIFT_OPTIMIZATION_LEVEL = "-Onone";
			};
			name = Debug;
		};
		044AD3E1240873830066E61F /* Release */ = {
			isa = XCBuildConfiguration;
			buildSettings = {
				ALWAYS_SEARCH_USER_PATHS = NO;
				CLANG_ANALYZER_NONNULL = YES;
				CLANG_ANALYZER_NUMBER_OBJECT_CONVERSION = YES_AGGRESSIVE;
				CLANG_CXX_LANGUAGE_STANDARD = "gnu++14";
				CLANG_CXX_LIBRARY = "libc++";
				CLANG_ENABLE_MODULES = YES;
				CLANG_ENABLE_OBJC_ARC = YES;
				CLANG_ENABLE_OBJC_WEAK = YES;
				CLANG_WARN_BLOCK_CAPTURE_AUTORELEASING = YES;
				CLANG_WARN_BOOL_CONVERSION = YES;
				CLANG_WARN_COMMA = YES;
				CLANG_WARN_CONSTANT_CONVERSION = YES;
				CLANG_WARN_DEPRECATED_OBJC_IMPLEMENTATIONS = YES;
				CLANG_WARN_DIRECT_OBJC_ISA_USAGE = YES_ERROR;
				CLANG_WARN_DOCUMENTATION_COMMENTS = YES;
				CLANG_WARN_EMPTY_BODY = YES;
				CLANG_WARN_ENUM_CONVERSION = YES;
				CLANG_WARN_INFINITE_RECURSION = YES;
				CLANG_WARN_INT_CONVERSION = YES;
				CLANG_WARN_NON_LITERAL_NULL_CONVERSION = YES;
				CLANG_WARN_OBJC_IMPLICIT_RETAIN_SELF = YES;
				CLANG_WARN_OBJC_LITERAL_CONVERSION = YES;
				CLANG_WARN_OBJC_ROOT_CLASS = YES_ERROR;
				CLANG_WARN_RANGE_LOOP_ANALYSIS = YES;
				CLANG_WARN_STRICT_PROTOTYPES = YES;
				CLANG_WARN_SUSPICIOUS_MOVE = YES;
				CLANG_WARN_UNGUARDED_AVAILABILITY = YES_AGGRESSIVE;
				CLANG_WARN_UNREACHABLE_CODE = YES;
				CLANG_WARN__DUPLICATE_METHOD_MATCH = YES;
				COPY_PHASE_STRIP = NO;
				DEBUG_INFORMATION_FORMAT = "dwarf-with-dsym";
				ENABLE_NS_ASSERTIONS = NO;
				ENABLE_STRICT_OBJC_MSGSEND = YES;
				GCC_C_LANGUAGE_STANDARD = gnu11;
				GCC_NO_COMMON_BLOCKS = YES;
				GCC_WARN_64_TO_32_BIT_CONVERSION = YES;
				GCC_WARN_ABOUT_RETURN_TYPE = YES_ERROR;
				GCC_WARN_UNDECLARED_SELECTOR = YES;
				GCC_WARN_UNINITIALIZED_AUTOS = YES_AGGRESSIVE;
				GCC_WARN_UNUSED_FUNCTION = YES;
				GCC_WARN_UNUSED_VARIABLE = YES;
				MACOSX_DEPLOYMENT_TARGET = 10.15;
				MTL_ENABLE_DEBUG_INFO = NO;
				MTL_FAST_MATH = YES;
				SDKROOT = macosx;
				SWIFT_COMPILATION_MODE = wholemodule;
				SWIFT_OPTIMIZATION_LEVEL = "-O";
			};
			name = Release;
		};
		044AD3E3240873830066E61F /* Debug */ = {
			isa = XCBuildConfiguration;
			buildSettings = {
				CODE_SIGN_STYLE = Automatic;
				PRODUCT_NAME = "$(TARGET_NAME)";
				SWIFT_VERSION = 5.0;
			};
			name = Debug;
		};
		044AD3E4240873830066E61F /* Release */ = {
			isa = XCBuildConfiguration;
			buildSettings = {
				CODE_SIGN_STYLE = Automatic;
				PRODUCT_NAME = "$(TARGET_NAME)";
				SWIFT_VERSION = 5.0;
			};
			name = Release;
		};
/* End XCBuildConfiguration section */

/* Begin XCConfigurationList section */
		044AD3D6240873830066E61F /* Build configuration list for PBXProject "SwiftXcode" */ = {
			isa = XCConfigurationList;
			buildConfigurations = (
				044AD3E0240873830066E61F /* Debug */,
				044AD3E1240873830066E61F /* Release */,
			);
			defaultConfigurationIsVisible = 0;
			defaultConfigurationName = Release;
		};
		044AD3E2240873830066E61F /* Build configuration list for PBXNativeTarget "SwiftXcode" */ = {
			isa = XCConfigurationList;
			buildConfigurations = (
				044AD3E3240873830066E61F /* Debug */,
				044AD3E4240873830066E61F /* Release */,
			);
			defaultConfigurationIsVisible = 0;
			defaultConfigurationName = Release;
		};
/* End XCConfigurationList section */
	};
	rootObject = 044AD3D3240873830066E61F /* Project object */;
}
